// !$*UTF8*$!
{
	archiveVersion = 1;
	classes = {
	};
	objectVersion = 50;
	objects = {

/* Begin PBXBuildFile section */
		B31F8B6B226D1C31008C1226 /* AppDelegate.swift in Sources */ = {isa = PBXBuildFile; fileRef = B31F8B6A226D1C31008C1226 /* AppDelegate.swift */; };
		B31F8B73226D1C31008C1226 /* iOS_SIDUNET3.xcdatamodeld in Sources */ = {isa = PBXBuildFile; fileRef = B31F8B71226D1C31008C1226 /* iOS_SIDUNET3.xcdatamodeld */; };
		B31F8B75226D1C33008C1226 /* Assets.xcassets in Resources */ = {isa = PBXBuildFile; fileRef = B31F8B74226D1C33008C1226 /* Assets.xcassets */; };
		B31F8B78226D1C33008C1226 /* LaunchScreen.storyboard in Resources */ = {isa = PBXBuildFile; fileRef = B31F8B76226D1C33008C1226 /* LaunchScreen.storyboard */; };
		B31F8B89226D1F97008C1226 /* HomeViewController.swift in Sources */ = {isa = PBXBuildFile; fileRef = B31F8B87226D1F97008C1226 /* HomeViewController.swift */; };
		B31F8B8A226D1F97008C1226 /* HomeViewController.xib in Resources */ = {isa = PBXBuildFile; fileRef = B31F8B88226D1F97008C1226 /* HomeViewController.xib */; };
/* End PBXBuildFile section */

/* Begin PBXFileReference section */
		B31F8B67226D1C31008C1226 /* iOS-SIDUNET3.app */ = {isa = PBXFileReference; explicitFileType = wrapper.application; includeInIndex = 0; path = "iOS-SIDUNET3.app"; sourceTree = BUILT_PRODUCTS_DIR; };
		B31F8B6A226D1C31008C1226 /* AppDelegate.swift */ = {isa = PBXFileReference; lastKnownFileType = sourcecode.swift; path = AppDelegate.swift; sourceTree = "<group>"; };
		B31F8B72226D1C31008C1226 /* iOS_SIDUNET3.xcdatamodel */ = {isa = PBXFileReference; lastKnownFileType = wrapper.xcdatamodel; path = iOS_SIDUNET3.xcdatamodel; sourceTree = "<group>"; };
		B31F8B74226D1C33008C1226 /* Assets.xcassets */ = {isa = PBXFileReference; lastKnownFileType = folder.assetcatalog; path = Assets.xcassets; sourceTree = "<group>"; };
		B31F8B77226D1C33008C1226 /* Base */ = {isa = PBXFileReference; lastKnownFileType = file.storyboard; name = Base; path = Base.lproj/LaunchScreen.storyboard; sourceTree = "<group>"; };
		B31F8B79226D1C33008C1226 /* Info.plist */ = {isa = PBXFileReference; lastKnownFileType = text.plist.xml; path = Info.plist; sourceTree = "<group>"; };
		B31F8B87226D1F97008C1226 /* HomeViewController.swift */ = {isa = PBXFileReference; lastKnownFileType = sourcecode.swift; path = HomeViewController.swift; sourceTree = "<group>"; };
		B31F8B88226D1F97008C1226 /* HomeViewController.xib */ = {isa = PBXFileReference; lastKnownFileType = file.xib; path = HomeViewController.xib; sourceTree = "<group>"; };
/* End PBXFileReference section */

/* Begin PBXFrameworksBuildPhase section */
		B31F8B64226D1C31008C1226 /* Frameworks */ = {
			isa = PBXFrameworksBuildPhase;
			buildActionMask = 2147483647;
			files = (
			);
			runOnlyForDeploymentPostprocessing = 0;
		};
/* End PBXFrameworksBuildPhase section */

/* Begin PBXGroup section */
		B31F8B5E226D1C31008C1226 = {
			isa = PBXGroup;
			children = (
				B31F8B69226D1C31008C1226 /* iOS-SIDUNET3 */,
				B31F8B68226D1C31008C1226 /* Products */,
			);
			sourceTree = "<group>";
		};
		B31F8B68226D1C31008C1226 /* Products */ = {
			isa = PBXGroup;
			children = (
				B31F8B67226D1C31008C1226 /* iOS-SIDUNET3.app */,
			);
			name = Products;
			sourceTree = "<group>";
		};
		B31F8B69226D1C31008C1226 /* iOS-SIDUNET3 */ = {
			isa = PBXGroup;
			children = (
				B31F8B6A226D1C31008C1226 /* AppDelegate.swift */,
				B31F8B80226D1CCE008C1226 /* View */,
				B31F8B81226D1CDE008C1226 /* Controller */,
				B31F8B7F226D1CBD008C1226 /* Model */,
				B31F8B82226D1CF4008C1226 /* Util */,
				B31F8B83226D1CFC008C1226 /* Supporting Files */,
				B31F8B74226D1C33008C1226 /* Assets.xcassets */,
			);
			path = "iOS-SIDUNET3";
			sourceTree = "<group>";
		};
		B31F8B7F226D1CBD008C1226 /* Model */ = {
			isa = PBXGroup;
			children = (
				B31F8B71226D1C31008C1226 /* iOS_SIDUNET3.xcdatamodeld */,
			);
			path = Model;
			sourceTree = "<group>";
		};
		B31F8B80226D1CCE008C1226 /* View */ = {
			isa = PBXGroup;
			children = (
				B31F8B85226D1D3C008C1226 /* Launch */,
				B31F8B84226D1D32008C1226 /* Home */,
			);
			path = View;
			sourceTree = "<group>";
		};
		B31F8B81226D1CDE008C1226 /* Controller */ = {
			isa = PBXGroup;
			children = (
				B31F8B86226D1D6E008C1226 /* Home */,
			);
			path = Controller;
			sourceTree = "<group>";
		};
		B31F8B82226D1CF4008C1226 /* Util */ = {
			isa = PBXGroup;
			children = (
			);
			path = Util;
			sourceTree = "<group>";
		};
		B31F8B83226D1CFC008C1226 /* Supporting Files */ = {
			isa = PBXGroup;
			children = (
				B31F8B79226D1C33008C1226 /* Info.plist */,
			);
			path = "Supporting Files";
			sourceTree = "<group>";
		};
		B31F8B84226D1D32008C1226 /* Home */ = {
			isa = PBXGroup;
			children = (
				B31F8B88226D1F97008C1226 /* HomeViewController.xib */,
			);
			path = Home;
			sourceTree = "<group>";
		};
		B31F8B85226D1D3C008C1226 /* Launch */ = {
			isa = PBXGroup;
			children = (
				B31F8B76226D1C33008C1226 /* LaunchScreen.storyboard */,
			);
			path = Launch;
			sourceTree = "<group>";
		};
		B31F8B86226D1D6E008C1226 /* Home */ = {
			isa = PBXGroup;
			children = (
				B31F8B87226D1F97008C1226 /* HomeViewController.swift */,
			);
			path = Home;
			sourceTree = "<group>";
		};
/* End PBXGroup section */

/* Begin PBXNativeTarget section */
		B31F8B66226D1C31008C1226 /* iOS-SIDUNET3 */ = {
			isa = PBXNativeTarget;
			buildConfigurationList = B31F8B7C226D1C33008C1226 /* Build configuration list for PBXNativeTarget "iOS-SIDUNET3" */;
			buildPhases = (
				B31F8B63226D1C31008C1226 /* Sources */,
				B31F8B64226D1C31008C1226 /* Frameworks */,
				B31F8B65226D1C31008C1226 /* Resources */,
			);
			buildRules = (
			);
			dependencies = (
			);
			name = "iOS-SIDUNET3";
			productName = "iOS-SIDUNET3";
			productReference = B31F8B67226D1C31008C1226 /* iOS-SIDUNET3.app */;
			productType = "com.apple.product-type.application";
		};
/* End PBXNativeTarget section */

/* Begin PBXProject section */
		B31F8B5F226D1C31008C1226 /* Project object */ = {
			isa = PBXProject;
			attributes = {
				LastSwiftUpdateCheck = 1020;
				LastUpgradeCheck = 1020;
				ORGANIZATIONNAME = "Net Fanely";
				TargetAttributes = {
					B31F8B66226D1C31008C1226 = {
						CreatedOnToolsVersion = 10.2.1;
					};
				};
			};
			buildConfigurationList = B31F8B62226D1C31008C1226 /* Build configuration list for PBXProject "iOS-SIDUNET3" */;
			compatibilityVersion = "Xcode 9.3";
			developmentRegion = en;
			hasScannedForEncodings = 0;
			knownRegions = (
				en,
				Base,
			);
			mainGroup = B31F8B5E226D1C31008C1226;
			productRefGroup = B31F8B68226D1C31008C1226 /* Products */;
			projectDirPath = "";
			projectRoot = "";
			targets = (
				B31F8B66226D1C31008C1226 /* iOS-SIDUNET3 */,
			);
		};
/* End PBXProject section */

/* Begin PBXResourcesBuildPhase section */
		B31F8B65226D1C31008C1226 /* Resources */ = {
			isa = PBXResourcesBuildPhase;
			buildActionMask = 2147483647;
			files = (
				B31F8B78226D1C33008C1226 /* LaunchScreen.storyboard in Resources */,
				B31F8B75226D1C33008C1226 /* Assets.xcassets in Resources */,
				B31F8B8A226D1F97008C1226 /* HomeViewController.xib in Resources */,
			);
			runOnlyForDeploymentPostprocessing = 0;
		};
/* End PBXResourcesBuildPhase section */

/* Begin PBXSourcesBuildPhase section */
		B31F8B63226D1C31008C1226 /* Sources */ = {
			isa = PBXSourcesBuildPhase;
			buildActionMask = 2147483647;
			files = (
				B31F8B6B226D1C31008C1226 /* AppDelegate.swift in Sources */,
				B31F8B73226D1C31008C1226 /* iOS_SIDUNET3.xcdatamodeld in Sources */,
				B31F8B89226D1F97008C1226 /* HomeViewController.swift in Sources */,
			);
			runOnlyForDeploymentPostprocessing = 0;
		};
/* End PBXSourcesBuildPhase section */

/* Begin PBXVariantGroup section */
		B31F8B76226D1C33008C1226 /* LaunchScreen.storyboard */ = {
			isa = PBXVariantGroup;
			children = (
				B31F8B77226D1C33008C1226 /* Base */,
			);
			name = LaunchScreen.storyboard;
			sourceTree = "<group>";
		};
/* End PBXVariantGroup section */

/* Begin XCBuildConfiguration section */
		B31F8B7A226D1C33008C1226 /* Debug */ = {
			isa = XCBuildConfiguration;
			buildSettings = {
				ALWAYS_SEARCH_USER_PATHS = NO;
				CLANG_ANALYZER_NONNULL = YES;
				CLANG_ANALYZER_NUMBER_OBJECT_CONVERSION = YES_AGGRESSIVE;
				CLANG_CXX_LANGUAGE_STANDARD = "gnu++14";
				CLANG_CXX_LIBRARY = "libc++";
				CLANG_ENABLE_MODULES = YES;
				CLANG_ENABLE_OBJC_ARC = YES;
				CLANG_ENABLE_OBJC_WEAK = YES;
				CLANG_WARN_BLOCK_CAPTURE_AUTORELEASING = YES;
				CLANG_WARN_BOOL_CONVERSION = YES;
				CLANG_WARN_COMMA = YES;
				CLANG_WARN_CONSTANT_CONVERSION = YES;
				CLANG_WARN_DEPRECATED_OBJC_IMPLEMENTATIONS = YES;
				CLANG_WARN_DIRECT_OBJC_ISA_USAGE = YES_ERROR;
				CLANG_WARN_DOCUMENTATION_COMMENTS = YES;
				CLANG_WARN_EMPTY_BODY = YES;
				CLANG_WARN_ENUM_CONVERSION = YES;
				CLANG_WARN_INFINITE_RECURSION = YES;
				CLANG_WARN_INT_CONVERSION = YES;
				CLANG_WARN_NON_LITERAL_NULL_CONVERSION = YES;
				CLANG_WARN_OBJC_IMPLICIT_RETAIN_SELF = YES;
				CLANG_WARN_OBJC_LITERAL_CONVERSION = YES;
				CLANG_WARN_OBJC_ROOT_CLASS = YES_ERROR;
				CLANG_WARN_RANGE_LOOP_ANALYSIS = YES;
				CLANG_WARN_STRICT_PROTOTYPES = YES;
				CLANG_WARN_SUSPICIOUS_MOVE = YES;
				CLANG_WARN_UNGUARDED_AVAILABILITY = YES_AGGRESSIVE;
				CLANG_WARN_UNREACHABLE_CODE = YES;
				CLANG_WARN__DUPLICATE_METHOD_MATCH = YES;
				CODE_SIGN_IDENTITY = "iPhone Developer";
				COPY_PHASE_STRIP = NO;
				DEBUG_INFORMATION_FORMAT = dwarf;
				ENABLE_STRICT_OBJC_MSGSEND = YES;
				ENABLE_TESTABILITY = YES;
				GCC_C_LANGUAGE_STANDARD = gnu11;
				GCC_DYNAMIC_NO_PIC = NO;
				GCC_NO_COMMON_BLOCKS = YES;
				GCC_OPTIMIZATION_LEVEL = 0;
				GCC_PREPROCESSOR_DEFINITIONS = (
					"DEBUG=1",
					"$(inherited)",
				);
				GCC_WARN_64_TO_32_BIT_CONVERSION = YES;
				GCC_WARN_ABOUT_RETURN_TYPE = YES_ERROR;
				GCC_WARN_UNDECLARED_SELECTOR = YES;
				GCC_WARN_UNINITIALIZED_AUTOS = YES_AGGRESSIVE;
				GCC_WARN_UNUSED_FUNCTION = YES;
				GCC_WARN_UNUSED_VARIABLE = YES;
				IPHONEOS_DEPLOYMENT_TARGET = 12.2;
				MTL_ENABLE_DEBUG_INFO = INCLUDE_SOURCE;
				MTL_FAST_MATH = YES;
				ONLY_ACTIVE_ARCH = YES;
				SDKROOT = iphoneos;
				SWIFT_ACTIVE_COMPILATION_CONDITIONS = DEBUG;
				SWIFT_OPTIMIZATION_LEVEL = "-Onone";
			};
			name = Debug;
		};
		B31F8B7B226D1C33008C1226 /* Release */ = {
			isa = XCBuildConfiguration;
			buildSettings = {
				ALWAYS_SEARCH_USER_PATHS = NO;
				CLANG_ANALYZER_NONNULL = YES;
				CLANG_ANALYZER_NUMBER_OBJECT_CONVERSION = YES_AGGRESSIVE;
				CLANG_CXX_LANGUAGE_STANDARD = "gnu++14";
				CLANG_CXX_LIBRARY = "libc++";
				CLANG_ENABLE_MODULES = YES;
				CLANG_ENABLE_OBJC_ARC = YES;
				CLANG_ENABLE_OBJC_WEAK = YES;
				CLANG_WARN_BLOCK_CAPTURE_AUTORELEASING = YES;
				CLANG_WARN_BOOL_CONVERSION = YES;
				CLANG_WARN_COMMA = YES;
				CLANG_WARN_CONSTANT_CONVERSION = YES;
				CLANG_WARN_DEPRECATED_OBJC_IMPLEMENTATIONS = YES;
				CLANG_WARN_DIRECT_OBJC_ISA_USAGE = YES_ERROR;
				CLANG_WARN_DOCUMENTATION_COMMENTS = YES;
				CLANG_WARN_EMPTY_BODY = YES;
				CLANG_WARN_ENUM_CONVERSION = YES;
				CLANG_WARN_INFINITE_RECURSION = YES;
				CLANG_WARN_INT_CONVERSION = YES;
				CLANG_WARN_NON_LITERAL_NULL_CONVERSION = YES;
				CLANG_WARN_OBJC_IMPLICIT_RETAIN_SELF = YES;
				CLANG_WARN_OBJC_LITERAL_CONVERSION = YES;
				CLANG_WARN_OBJC_ROOT_CLASS = YES_ERROR;
				CLANG_WARN_RANGE_LOOP_ANALYSIS = YES;
				CLANG_WARN_STRICT_PROTOTYPES = YES;
				CLANG_WARN_SUSPICIOUS_MOVE = YES;
				CLANG_WARN_UNGUARDED_AVAILABILITY = YES_AGGRESSIVE;
				CLANG_WARN_UNREACHABLE_CODE = YES;
				CLANG_WARN__DUPLICATE_METHOD_MATCH = YES;
				CODE_SIGN_IDENTITY = "iPhone Developer";
				COPY_PHASE_STRIP = NO;
				DEBUG_INFORMATION_FORMAT = "dwarf-with-dsym";
				ENABLE_NS_ASSERTIONS = NO;
				ENABLE_STRICT_OBJC_MSGSEND = YES;
				GCC_C_LANGUAGE_STANDARD = gnu11;
				GCC_NO_COMMON_BLOCKS = YES;
				GCC_WARN_64_TO_32_BIT_CONVERSION = YES;
				GCC_WARN_ABOUT_RETURN_TYPE = YES_ERROR;
				GCC_WARN_UNDECLARED_SELECTOR = YES;
				GCC_WARN_UNINITIALIZED_AUTOS = YES_AGGRESSIVE;
				GCC_WARN_UNUSED_FUNCTION = YES;
				GCC_WARN_UNUSED_VARIABLE = YES;
				IPHONEOS_DEPLOYMENT_TARGET = 12.2;
				MTL_ENABLE_DEBUG_INFO = NO;
				MTL_FAST_MATH = YES;
				SDKROOT = iphoneos;
				SWIFT_COMPILATION_MODE = wholemodule;
				SWIFT_OPTIMIZATION_LEVEL = "-O";
				VALIDATE_PRODUCT = YES;
			};
			name = Release;
		};
		B31F8B7D226D1C33008C1226 /* Debug */ = {
			isa = XCBuildConfiguration;
			buildSettings = {
				ASSETCATALOG_COMPILER_APPICON_NAME = AppIcon;
				CODE_SIGN_STYLE = Automatic;
				DEVELOPMENT_TEAM = 3XUG2B868Z;
				INFOPLIST_FILE = "$(SRCROOT)/iOS-SIDUNET3/Supporting Files/Info.plist";
				LD_RUNPATH_SEARCH_PATHS = (
					"$(inherited)",
					"@executable_path/Frameworks",
				);
				PRODUCT_BUNDLE_IDENTIFIER = "com.netfanely.iOS-SIDUNET3";
				PRODUCT_NAME = "$(TARGET_NAME)";
				SWIFT_VERSION = 5.0;
				TARGETED_DEVICE_FAMILY = "1,2";
			};
			name = Debug;
		};
		B31F8B7E226D1C33008C1226 /* Release */ = {
			isa = XCBuildConfiguration;
			buildSettings = {
				ASSETCATALOG_COMPILER_APPICON_NAME = AppIcon;
				CODE_SIGN_STYLE = Automatic;
				DEVELOPMENT_TEAM = 3XUG2B868Z;
				INFOPLIST_FILE = "$(SRCROOT)/iOS-SIDUNET3/Supporting Files/Info.plist";
				LD_RUNPATH_SEARCH_PATHS = (
					"$(inherited)",
					"@executable_path/Frameworks",
				);
				PRODUCT_BUNDLE_IDENTIFIER = "com.netfanely.iOS-SIDUNET3";
				PRODUCT_NAME = "$(TARGET_NAME)";
				SWIFT_VERSION = 5.0;
				TARGETED_DEVICE_FAMILY = "1,2";
			};
			name = Release;
		};
/* End XCBuildConfiguration section */

/* Begin XCConfigurationList section */
		B31F8B62226D1C31008C1226 /* Build configuration list for PBXProject "iOS-SIDUNET3" */ = {
			isa = XCConfigurationList;
			buildConfigurations = (
				B31F8B7A226D1C33008C1226 /* Debug */,
				B31F8B7B226D1C33008C1226 /* Release */,
			);
			defaultConfigurationIsVisible = 0;
			defaultConfigurationName = Release;
		};
		B31F8B7C226D1C33008C1226 /* Build configuration list for PBXNativeTarget "iOS-SIDUNET3" */ = {
			isa = XCConfigurationList;
			buildConfigurations = (
				B31F8B7D226D1C33008C1226 /* Debug */,
				B31F8B7E226D1C33008C1226 /* Release */,
			);
			defaultConfigurationIsVisible = 0;
			defaultConfigurationName = Release;
		};
/* End XCConfigurationList section */

/* Begin XCVersionGroup section */
		B31F8B71226D1C31008C1226 /* iOS_SIDUNET3.xcdatamodeld */ = {
			isa = XCVersionGroup;
			children = (
				B31F8B72226D1C31008C1226 /* iOS_SIDUNET3.xcdatamodel */,
			);
			currentVersion = B31F8B72226D1C31008C1226 /* iOS_SIDUNET3.xcdatamodel */;
			path = iOS_SIDUNET3.xcdatamodeld;
			sourceTree = "<group>";
			versionGroupType = wrapper.xcdatamodel;
		};
/* End XCVersionGroup section */
	};
	rootObject = B31F8B5F226D1C31008C1226 /* Project object */;
}
